
Microsoft Visual Studio Solution File, Format Version 12.00
# Visual Studio Version 17
VisualStudioVersion = 17.5.002.0
MinimumVisualStudioVersion = 10.0.40219.1
Project("{9A19103F-16F7-4668-BE54-9A1E7A4F7556}") = "razor-ui", "razor-ui.csproj", "{62ADB397-5641-47D0-A733-A96D66FD19DE}"
EndProject
Global
	GlobalSection(SolutionConfigurationPlatforms) = preSolution
		Debug|Any CPU = Debug|Any CPU
		Release|Any CPU = Release|Any CPU
	EndGlobalSection
	GlobalSection(ProjectConfigurationPlatforms) = postSolution
		{62ADB397-5641-47D0-A733-A96D66FD19DE}.Debug|Any CPU.ActiveCfg = Debug|Any CPU
		{62ADB397-5641-47D0-A733-A96D66FD19DE}.Debug|Any CPU.Build.0 = Debug|Any CPU
		{62ADB397-5641-47D0-A733-A96D66FD19DE}.Release|Any CPU.ActiveCfg = Release|Any CPU
		{62ADB397-5641-47D0-A733-A96D66FD19DE}.Release|Any CPU.Build.0 = Release|Any CPU
	EndGlobalSection
	GlobalSection(SolutionProperties) = preSolution
		HideSolutionNode = FALSE
	EndGlobalSection
	GlobalSection(ExtensibilityGlobals) = postSolution
		SolutionGuid = {CDA22F93-A9C8-4D7C-9AF5-70BED383AFB7}
	EndGlobalSection
EndGlobal
